
Microsoft Visual Studio Solution File, Format Version 12.00
# Visual Studio 15
VisualStudioVersion = 15.0.27004.2002
MinimumVisualStudioVersion = 10.0.40219.1
Project("{FAE04EC0-301F-11D3-BF4B-00C04F79EFBC}") = "Projato.Web", "Projato.Web\Projato.Web.csproj", "{789CE5E4-B5C3-4E75-BC92-679D2E450FE8}"
EndProject
Project("{FAE04EC0-301F-11D3-BF4B-00C04F79EFBC}") = "Projato.Api", "Projato.Api\Projato.Api.csproj", "{86B9CFE2-8327-4B23-9DB8-36C4DCD4AD3D}"
EndProject
Project("{FAE04EC0-301F-11D3-BF4B-00C04F79EFBC}") = "Projato.Dados", "Projato.Dados\Projato.Dados.csproj", "{D59E05A1-80A9-4B00-9ACC-50F7D9A6ED14}"
EndProject
Project("{FAE04EC0-301F-11D3-BF4B-00C04F79EFBC}") = "Projato.Repositorio", "Projato.Repositorio\Projato.Repositorio.csproj", "{6736CCA3-5845-4892-97CB-8E18D498B805}"
EndProject
Global
	GlobalSection(SolutionConfigurationPlatforms) = preSolution
		Debug|Any CPU = Debug|Any CPU
		Release|Any CPU = Release|Any CPU
	EndGlobalSection
	GlobalSection(ProjectConfigurationPlatforms) = postSolution
		{789CE5E4-B5C3-4E75-BC92-679D2E450FE8}.Debug|Any CPU.ActiveCfg = Debug|Any CPU
		{789CE5E4-B5C3-4E75-BC92-679D2E450FE8}.Debug|Any CPU.Build.0 = Debug|Any CPU
		{789CE5E4-B5C3-4E75-BC92-679D2E450FE8}.Release|Any CPU.ActiveCfg = Release|Any CPU
		{789CE5E4-B5C3-4E75-BC92-679D2E450FE8}.Release|Any CPU.Build.0 = Release|Any CPU
		{86B9CFE2-8327-4B23-9DB8-36C4DCD4AD3D}.Debug|Any CPU.ActiveCfg = Debug|Any CPU
		{86B9CFE2-8327-4B23-9DB8-36C4DCD4AD3D}.Debug|Any CPU.Build.0 = Debug|Any CPU
		{86B9CFE2-8327-4B23-9DB8-36C4DCD4AD3D}.Release|Any CPU.ActiveCfg = Release|Any CPU
		{86B9CFE2-8327-4B23-9DB8-36C4DCD4AD3D}.Release|Any CPU.Build.0 = Release|Any CPU
		{D59E05A1-80A9-4B00-9ACC-50F7D9A6ED14}.Debug|Any CPU.ActiveCfg = Debug|Any CPU
		{D59E05A1-80A9-4B00-9ACC-50F7D9A6ED14}.Debug|Any CPU.Build.0 = Debug|Any CPU
		{D59E05A1-80A9-4B00-9ACC-50F7D9A6ED14}.Release|Any CPU.ActiveCfg = Release|Any CPU
		{D59E05A1-80A9-4B00-9ACC-50F7D9A6ED14}.Release|Any CPU.Build.0 = Release|Any CPU
		{6736CCA3-5845-4892-97CB-8E18D498B805}.Debug|Any CPU.ActiveCfg = Debug|Any CPU
		{6736CCA3-5845-4892-97CB-8E18D498B805}.Debug|Any CPU.Build.0 = Debug|Any CPU
		{6736CCA3-5845-4892-97CB-8E18D498B805}.Release|Any CPU.ActiveCfg = Release|Any CPU
		{6736CCA3-5845-4892-97CB-8E18D498B805}.Release|Any CPU.Build.0 = Release|Any CPU
	EndGlobalSection
	GlobalSection(SolutionProperties) = preSolution
		HideSolutionNode = FALSE
	EndGlobalSection
	GlobalSection(ExtensibilityGlobals) = postSolution
		SolutionGuid = {4B104902-C4F1-4774-A621-7398811B1651}
	EndGlobalSection
EndGlobal
